
Microsoft Visual Studio Solution File, Format Version 12.00
# Visual Studio Version 16
VisualStudioVersion = 16.0.31702.278
MinimumVisualStudioVersion = 10.0.40219.1
Project("{FAE04EC0-301F-11D3-BF4B-00C04F79EFBC}") = "JsonBase64.Android", "JsonBase64\JsonBase64.Android\JsonBase64.Android.csproj", "{DEA9EC78-37AB-4FFC-87C1-CDAAACADF1AD}"
EndProject
Project("{FAE04EC0-301F-11D3-BF4B-00C04F79EFBC}") = "JsonBase64.iOS", "JsonBase64\JsonBase64.iOS\JsonBase64.iOS.csproj", "{AA0725FC-D145-4A94-9E8A-43B3D8743905}"
EndProject
Project("{FAE04EC0-301F-11D3-BF4B-00C04F79EFBC}") = "JsonBase64", "JsonBase64\JsonBase64\JsonBase64.csproj", "{281D4A85-8C0D-4F83-A20E-101FE29378AE}"
EndProject
Global
	GlobalSection(SolutionConfigurationPlatforms) = preSolution
		Debug|Any CPU = Debug|Any CPU
		Debug|iPhone = Debug|iPhone
		Debug|iPhoneSimulator = Debug|iPhoneSimulator
		Release|Any CPU = Release|Any CPU
		Release|iPhone = Release|iPhone
		Release|iPhoneSimulator = Release|iPhoneSimulator
	EndGlobalSection
	GlobalSection(ProjectConfigurationPlatforms) = postSolution
		{DEA9EC78-37AB-4FFC-87C1-CDAAACADF1AD}.Debug|Any CPU.ActiveCfg = Debug|Any CPU
		{DEA9EC78-37AB-4FFC-87C1-CDAAACADF1AD}.Debug|Any CPU.Build.0 = Debug|Any CPU
		{DEA9EC78-37AB-4FFC-87C1-CDAAACADF1AD}.Debug|Any CPU.Deploy.0 = Debug|Any CPU
		{DEA9EC78-37AB-4FFC-87C1-CDAAACADF1AD}.Debug|iPhone.ActiveCfg = Debug|Any CPU
		{DEA9EC78-37AB-4FFC-87C1-CDAAACADF1AD}.Debug|iPhone.Build.0 = Debug|Any CPU
		{DEA9EC78-37AB-4FFC-87C1-CDAAACADF1AD}.Debug|iPhone.Deploy.0 = Debug|Any CPU
		{DEA9EC78-37AB-4FFC-87C1-CDAAACADF1AD}.Debug|iPhoneSimulator.ActiveCfg = Debug|Any CPU
		{DEA9EC78-37AB-4FFC-87C1-CDAAACADF1AD}.Debug|iPhoneSimulator.Build.0 = Debug|Any CPU
		{DEA9EC78-37AB-4FFC-87C1-CDAAACADF1AD}.Debug|iPhoneSimulator.Deploy.0 = Debug|Any CPU
		{DEA9EC78-37AB-4FFC-87C1-CDAAACADF1AD}.Release|Any CPU.ActiveCfg = Release|Any CPU
		{DEA9EC78-37AB-4FFC-87C1-CDAAACADF1AD}.Release|Any CPU.Build.0 = Release|Any CPU
		{DEA9EC78-37AB-4FFC-87C1-CDAAACADF1AD}.Release|Any CPU.Deploy.0 = Release|Any CPU
		{DEA9EC78-37AB-4FFC-87C1-CDAAACADF1AD}.Release|iPhone.ActiveCfg = Release|Any CPU
		{DEA9EC78-37AB-4FFC-87C1-CDAAACADF1AD}.Release|iPhone.Build.0 = Release|Any CPU
		{DEA9EC78-37AB-4FFC-87C1-CDAAACADF1AD}.Release|iPhone.Deploy.0 = Release|Any CPU
		{DEA9EC78-37AB-4FFC-87C1-CDAAACADF1AD}.Release|iPhoneSimulator.ActiveCfg = Release|Any CPU
		{DEA9EC78-37AB-4FFC-87C1-CDAAACADF1AD}.Release|iPhoneSimulator.Build.0 = Release|Any CPU
		{DEA9EC78-37AB-4FFC-87C1-CDAAACADF1AD}.Release|iPhoneSimulator.Deploy.0 = Release|Any CPU
		{AA0725FC-D145-4A94-9E8A-43B3D8743905}.Debug|Any CPU.ActiveCfg = Debug|iPhone
		{AA0725FC-D145-4A94-9E8A-43B3D8743905}.Debug|Any CPU.Build.0 = Debug|iPhone
		{AA0725FC-D145-4A94-9E8A-43B3D8743905}.Debug|Any CPU.Deploy.0 = Debug|iPhone
		{AA0725FC-D145-4A94-9E8A-43B3D8743905}.Debug|iPhone.ActiveCfg = Debug|iPhone
		{AA0725FC-D145-4A94-9E8A-43B3D8743905}.Debug|iPhone.Build.0 = Debug|iPhone
		{AA0725FC-D145-4A94-9E8A-43B3D8743905}.Debug|iPhone.Deploy.0 = Debug|iPhone
		{AA0725FC-D145-4A94-9E8A-43B3D8743905}.Debug|iPhoneSimulator.ActiveCfg = Debug|iPhoneSimulator
		{AA0725FC-D145-4A94-9E8A-43B3D8743905}.Debug|iPhoneSimulator.Build.0 = Debug|iPhoneSimulator
		{AA0725FC-D145-4A94-9E8A-43B3D8743905}.Debug|iPhoneSimulator.Deploy.0 = Debug|iPhoneSimulator
		{AA0725FC-D145-4A94-9E8A-43B3D8743905}.Release|Any CPU.ActiveCfg = Release|iPhoneSimulator
		{AA0725FC-D145-4A94-9E8A-43B3D8743905}.Release|Any CPU.Build.0 = Release|iPhoneSimulator
		{AA0725FC-D145-4A94-9E8A-43B3D8743905}.Release|Any CPU.Deploy.0 = Release|iPhoneSimulator
		{AA0725FC-D145-4A94-9E8A-43B3D8743905}.Release|iPhone.ActiveCfg = Release|iPhone
		{AA0725FC-D145-4A94-9E8A-43B3D8743905}.Release|iPhone.Build.0 = Release|iPhone
		{AA0725FC-D145-4A94-9E8A-43B3D8743905}.Release|iPhone.Deploy.0 = Release|iPhone
		{AA0725FC-D145-4A94-9E8A-43B3D8743905}.Release|iPhoneSimulator.ActiveCfg = Release|iPhoneSimulator
		{AA0725FC-D145-4A94-9E8A-43B3D8743905}.Release|iPhoneSimulator.Build.0 = Release|iPhoneSimulator
		{AA0725FC-D145-4A94-9E8A-43B3D8743905}.Release|iPhoneSimulator.Deploy.0 = Release|iPhoneSimulator
		{281D4A85-8C0D-4F83-A20E-101FE29378AE}.Debug|Any CPU.ActiveCfg = Debug|Any CPU
		{281D4A85-8C0D-4F83-A20E-101FE29378AE}.Debug|Any CPU.Build.0 = Debug|Any CPU
		{281D4A85-8C0D-4F83-A20E-101FE29378AE}.Debug|Any CPU.Deploy.0 = Debug|Any CPU
		{281D4A85-8C0D-4F83-A20E-101FE29378AE}.Debug|iPhone.ActiveCfg = Debug|Any CPU
		{281D4A85-8C0D-4F83-A20E-101FE29378AE}.Debug|iPhone.Build.0 = Debug|Any CPU
		{281D4A85-8C0D-4F83-A20E-101FE29378AE}.Debug|iPhone.Deploy.0 = Debug|Any CPU
		{281D4A85-8C0D-4F83-A20E-101FE29378AE}.Debug|iPhoneSimulator.ActiveCfg = Debug|Any CPU
		{281D4A85-8C0D-4F83-A20E-101FE29378AE}.Debug|iPhoneSimulator.Build.0 = Debug|Any CPU
		{281D4A85-8C0D-4F83-A20E-101FE29378AE}.Debug|iPhoneSimulator.Deploy.0 = Debug|Any CPU
		{281D4A85-8C0D-4F83-A20E-101FE29378AE}.Release|Any CPU.ActiveCfg = Release|Any CPU
		{281D4A85-8C0D-4F83-A20E-101FE29378AE}.Release|Any CPU.Build.0 = Release|Any CPU
		{281D4A85-8C0D-4F83-A20E-101FE29378AE}.Release|Any CPU.Deploy.0 = Release|Any CPU
		{281D4A85-8C0D-4F83-A20E-101FE29378AE}.Release|iPhone.ActiveCfg = Release|Any CPU
		{281D4A85-8C0D-4F83-A20E-101FE29378AE}.Release|iPhone.Build.0 = Release|Any CPU
		{281D4A85-8C0D-4F83-A20E-101FE29378AE}.Release|iPhone.Deploy.0 = Release|Any CPU
		{281D4A85-8C0D-4F83-A20E-101FE29378AE}.Release|iPhoneSimulator.ActiveCfg = Release|Any CPU
		{281D4A85-8C0D-4F83-A20E-101FE29378AE}.Release|iPhoneSimulator.Build.0 = Release|Any CPU
		{281D4A85-8C0D-4F83-A20E-101FE29378AE}.Release|iPhoneSimulator.Deploy.0 = Release|Any CPU
	EndGlobalSection
	GlobalSection(SolutionProperties) = preSolution
		HideSolutionNode = FALSE
	EndGlobalSection
	GlobalSection(ExtensibilityGlobals) = postSolution
		SolutionGuid = {DBF448E6-7168-4687-BFE2-C217ADA69400}
	EndGlobalSection
EndGlobal
